
Microsoft Visual Studio Solution File, Format Version 12.00
# Visual Studio 2013
VisualStudioVersion = 12.0.21005.1
MinimumVisualStudioVersion = 10.0.40219.1
Project("{FAE04EC0-301F-11D3-BF4B-00C04F79EFBC}") = "Problem_01_ExchangeIfGreater", "Problem_01_ExchangeIfGreater\Problem_01_ExchangeIfGreater.csproj", "{3BB8C6B0-C80A-4DD5-A357-55C947D817EF}"
EndProject
Project("{FAE04EC0-301F-11D3-BF4B-00C04F79EFBC}") = "Problem_02_BonusScore", "Problem_02_BonusScore\Problem_02_BonusScore.csproj", "{E76F07CF-8523-44D9-B784-BBBB500929F2}"
EndProject
Project("{FAE04EC0-301F-11D3-BF4B-00C04F79EFBC}") = "Problem_03_CheckForAPlayCard", "Problem_03_CheckForAPlayCard\Problem_03_CheckForAPlayCard.csproj", "{20B75A98-406E-4021-B75A-6D6009F8158C}"
EndProject
Project("{FAE04EC0-301F-11D3-BF4B-00C04F79EFBC}") = "Problem_04_MultiplicationSign", "Problem_04_MultiplicationSign\Problem_04_MultiplicationSign.csproj", "{BA9626D5-5C6A-4133-8139-6AF6AF478F7B}"
EndProject
Project("{FAE04EC0-301F-11D3-BF4B-00C04F79EFBC}") = "Problem_05_TheBiggestOf_3_Numbers", "Problem_05_TheBiggestOf_3_Numbers\Problem_05_TheBiggestOf_3_Numbers.csproj", "{33797184-00EE-4423-845A-A385D6ED3C9A}"
EndProject
Project("{FAE04EC0-301F-11D3-BF4B-00C04F79EFBC}") = "Problem_06_TheBiggestOfFiveNumbers", "Problem_06_TheBiggestOfFiveNumbers\Problem_06_TheBiggestOfFiveNumbers.csproj", "{6A6692F4-7BC3-4ADF-B1AC-58C0CA0C8BB6}"
EndProject
Project("{FAE04EC0-301F-11D3-BF4B-00C04F79EFBC}") = "Problem_07_Sort_3_NumbersWithNestedIfs", "Problem_07_Sort_3_NumbersWithNestedIfs\Problem_07_Sort_3_NumbersWithNestedIfs.csproj", "{FA16ED78-B436-4E28-B40E-0562D9011F84}"
EndProject
Project("{FAE04EC0-301F-11D3-BF4B-00C04F79EFBC}") = "Problem_08_DigitAsWord", "Problem_08_DigitAsWord\Problem_08_DigitAsWord.csproj", "{BE1AA10F-796C-49F9-937F-5505E7D85CD2}"
EndProject
Project("{FAE04EC0-301F-11D3-BF4B-00C04F79EFBC}") = "Problem_09_PlayВithIntDoubleАndString", "Problem_09_PlayВithIntDoubleАndString\Problem_09_PlayВithIntDoubleАndString.csproj", "{856A3F20-EC03-4EFD-A56B-B965C58A8BB5}"
EndProject
Project("{FAE04EC0-301F-11D3-BF4B-00C04F79EFBC}") = "Problem_10_BeerTime", "Problem_10_BeerTime\Problem_10_BeerTime.csproj", "{7A69728C-6034-4130-B882-2A0FA532AAAF}"
EndProject
Project("{FAE04EC0-301F-11D3-BF4B-00C04F79EFBC}") = "Problem_11_NumberAsWords", "Problem_11_NumberAsWords\Problem_11_NumberAsWords.csproj", "{042D1FA3-431F-4D33-8C57-91DDE3D644B9}"
EndProject
Project("{FAE04EC0-301F-11D3-BF4B-00C04F79EFBC}") = "Problem_12_ZeroSubset", "Problem_12_ZeroSubset\Problem_12_ZeroSubset.csproj", "{477C91EE-486A-4D49-8B87-C4BCFDD09493}"
EndProject
Project("{FAE04EC0-301F-11D3-BF4B-00C04F79EFBC}") = "Problem_13_CompoundInterest", "Problem_13_CompoundInterest\Problem_13_CompoundInterest.csproj", "{50DDD014-E744-49A5-9089-B231B7E36E2B}"
EndProject
Project("{FAE04EC0-301F-11D3-BF4B-00C04F79EFBC}") = "Problem_13_CompoundInterest.Test", "Problem_13_CompoundInterest.Test\Problem_13_CompoundInterest.Test.csproj", "{B0D99384-215A-47EF-B013-013AC8181B52}"
EndProject
Project("{FAE04EC0-301F-11D3-BF4B-00C04F79EFBC}") = "Problem_14_PetarsGame", "Problem_14_PetarsGame\Problem_14_PetarsGame.csproj", "{1FE18361-2875-4920-BAAB-40C31BB31C3F}"
EndProject
Global
	GlobalSection(SolutionConfigurationPlatforms) = preSolution
		Debug|Any CPU = Debug|Any CPU
		Release|Any CPU = Release|Any CPU
	EndGlobalSection
	GlobalSection(ProjectConfigurationPlatforms) = postSolution
		{3BB8C6B0-C80A-4DD5-A357-55C947D817EF}.Debug|Any CPU.ActiveCfg = Debug|Any CPU
		{3BB8C6B0-C80A-4DD5-A357-55C947D817EF}.Debug|Any CPU.Build.0 = Debug|Any CPU
		{3BB8C6B0-C80A-4DD5-A357-55C947D817EF}.Release|Any CPU.ActiveCfg = Release|Any CPU
		{3BB8C6B0-C80A-4DD5-A357-55C947D817EF}.Release|Any CPU.Build.0 = Release|Any CPU
		{E76F07CF-8523-44D9-B784-BBBB500929F2}.Debug|Any CPU.ActiveCfg = Debug|Any CPU
		{E76F07CF-8523-44D9-B784-BBBB500929F2}.Debug|Any CPU.Build.0 = Debug|Any CPU
		{E76F07CF-8523-44D9-B784-BBBB500929F2}.Release|Any CPU.ActiveCfg = Release|Any CPU
		{E76F07CF-8523-44D9-B784-BBBB500929F2}.Release|Any CPU.Build.0 = Release|Any CPU
		{20B75A98-406E-4021-B75A-6D6009F8158C}.Debug|Any CPU.ActiveCfg = Debug|Any CPU
		{20B75A98-406E-4021-B75A-6D6009F8158C}.Debug|Any CPU.Build.0 = Debug|Any CPU
		{20B75A98-406E-4021-B75A-6D6009F8158C}.Release|Any CPU.ActiveCfg = Release|Any CPU
		{20B75A98-406E-4021-B75A-6D6009F8158C}.Release|Any CPU.Build.0 = Release|Any CPU
		{BA9626D5-5C6A-4133-8139-6AF6AF478F7B}.Debug|Any CPU.ActiveCfg = Debug|Any CPU
		{BA9626D5-5C6A-4133-8139-6AF6AF478F7B}.Debug|Any CPU.Build.0 = Debug|Any CPU
		{BA9626D5-5C6A-4133-8139-6AF6AF478F7B}.Release|Any CPU.ActiveCfg = Release|Any CPU
		{BA9626D5-5C6A-4133-8139-6AF6AF478F7B}.Release|Any CPU.Build.0 = Release|Any CPU
		{33797184-00EE-4423-845A-A385D6ED3C9A}.Debug|Any CPU.ActiveCfg = Debug|Any CPU
		{33797184-00EE-4423-845A-A385D6ED3C9A}.Debug|Any CPU.Build.0 = Debug|Any CPU
		{33797184-00EE-4423-845A-A385D6ED3C9A}.Release|Any CPU.ActiveCfg = Release|Any CPU
		{33797184-00EE-4423-845A-A385D6ED3C9A}.Release|Any CPU.Build.0 = Release|Any CPU
		{6A6692F4-7BC3-4ADF-B1AC-58C0CA0C8BB6}.Debug|Any CPU.ActiveCfg = Debug|Any CPU
		{6A6692F4-7BC3-4ADF-B1AC-58C0CA0C8BB6}.Debug|Any CPU.Build.0 = Debug|Any CPU
		{6A6692F4-7BC3-4ADF-B1AC-58C0CA0C8BB6}.Release|Any CPU.ActiveCfg = Release|Any CPU
		{6A6692F4-7BC3-4ADF-B1AC-58C0CA0C8BB6}.Release|Any CPU.Build.0 = Release|Any CPU
		{FA16ED78-B436-4E28-B40E-0562D9011F84}.Debug|Any CPU.ActiveCfg = Debug|Any CPU
		{FA16ED78-B436-4E28-B40E-0562D9011F84}.Debug|Any CPU.Build.0 = Debug|Any CPU
		{FA16ED78-B436-4E28-B40E-0562D9011F84}.Release|Any CPU.ActiveCfg = Release|Any CPU
		{FA16ED78-B436-4E28-B40E-0562D9011F84}.Release|Any CPU.Build.0 = Release|Any CPU
		{BE1AA10F-796C-49F9-937F-5505E7D85CD2}.Debug|Any CPU.ActiveCfg = Debug|Any CPU
		{BE1AA10F-796C-49F9-937F-5505E7D85CD2}.Debug|Any CPU.Build.0 = Debug|Any CPU
		{BE1AA10F-796C-49F9-937F-5505E7D85CD2}.Release|Any CPU.ActiveCfg = Release|Any CPU
		{BE1AA10F-796C-49F9-937F-5505E7D85CD2}.Release|Any CPU.Build.0 = Release|Any CPU
		{856A3F20-EC03-4EFD-A56B-B965C58A8BB5}.Debug|Any CPU.ActiveCfg = Debug|Any CPU
		{856A3F20-EC03-4EFD-A56B-B965C58A8BB5}.Debug|Any CPU.Build.0 = Debug|Any CPU
		{856A3F20-EC03-4EFD-A56B-B965C58A8BB5}.Release|Any CPU.ActiveCfg = Release|Any CPU
		{856A3F20-EC03-4EFD-A56B-B965C58A8BB5}.Release|Any CPU.Build.0 = Release|Any CPU
		{7A69728C-6034-4130-B882-2A0FA532AAAF}.Debug|Any CPU.ActiveCfg = Debug|Any CPU
		{7A69728C-6034-4130-B882-2A0FA532AAAF}.Debug|Any CPU.Build.0 = Debug|Any CPU
		{7A69728C-6034-4130-B882-2A0FA532AAAF}.Release|Any CPU.ActiveCfg = Release|Any CPU
		{7A69728C-6034-4130-B882-2A0FA532AAAF}.Release|Any CPU.Build.0 = Release|Any CPU
		{042D1FA3-431F-4D33-8C57-91DDE3D644B9}.Debug|Any CPU.ActiveCfg = Debug|Any CPU
		{042D1FA3-431F-4D33-8C57-91DDE3D644B9}.Debug|Any CPU.Build.0 = Debug|Any CPU
		{042D1FA3-431F-4D33-8C57-91DDE3D644B9}.Release|Any CPU.ActiveCfg = Release|Any CPU
		{042D1FA3-431F-4D33-8C57-91DDE3D644B9}.Release|Any CPU.Build.0 = Release|Any CPU
		{477C91EE-486A-4D49-8B87-C4BCFDD09493}.Debug|Any CPU.ActiveCfg = Debug|Any CPU
		{477C91EE-486A-4D49-8B87-C4BCFDD09493}.Debug|Any CPU.Build.0 = Debug|Any CPU
		{477C91EE-486A-4D49-8B87-C4BCFDD09493}.Release|Any CPU.ActiveCfg = Release|Any CPU
		{477C91EE-486A-4D49-8B87-C4BCFDD09493}.Release|Any CPU.Build.0 = Release|Any CPU
		{50DDD014-E744-49A5-9089-B231B7E36E2B}.Debug|Any CPU.ActiveCfg = Debug|Any CPU
		{50DDD014-E744-49A5-9089-B231B7E36E2B}.Debug|Any CPU.Build.0 = Debug|Any CPU
		{50DDD014-E744-49A5-9089-B231B7E36E2B}.Release|Any CPU.ActiveCfg = Release|Any CPU
		{50DDD014-E744-49A5-9089-B231B7E36E2B}.Release|Any CPU.Build.0 = Release|Any CPU
		{B0D99384-215A-47EF-B013-013AC8181B52}.Debug|Any CPU.ActiveCfg = Debug|Any CPU
		{B0D99384-215A-47EF-B013-013AC8181B52}.Debug|Any CPU.Build.0 = Debug|Any CPU
		{B0D99384-215A-47EF-B013-013AC8181B52}.Release|Any CPU.ActiveCfg = Release|Any CPU
		{B0D99384-215A-47EF-B013-013AC8181B52}.Release|Any CPU.Build.0 = Release|Any CPU
		{1FE18361-2875-4920-BAAB-40C31BB31C3F}.Debug|Any CPU.ActiveCfg = Debug|Any CPU
		{1FE18361-2875-4920-BAAB-40C31BB31C3F}.Debug|Any CPU.Build.0 = Debug|Any CPU
		{1FE18361-2875-4920-BAAB-40C31BB31C3F}.Release|Any CPU.ActiveCfg = Release|Any CPU
		{1FE18361-2875-4920-BAAB-40C31BB31C3F}.Release|Any CPU.Build.0 = Release|Any CPU
	EndGlobalSection
	GlobalSection(SolutionProperties) = preSolution
		HideSolutionNode = FALSE
	EndGlobalSection
EndGlobal
